// !$*UTF8*$!
{
	archiveVersion = 1;
	classes = {
	};
	objectVersion = 46;
	objects = {

/* Begin PBXBuildFile section */
		F43B8AB51795DD61000999E6 /* Aller_Bd.ttf in Resources */ = {isa = PBXBuildFile; fileRef = F43B8AAE1795DD61000999E6 /* Aller_Bd.ttf */; };
		F43B8AB61795DD61000999E6 /* Aller_BdIt.ttf in Resources */ = {isa = PBXBuildFile; fileRef = F43B8AAF1795DD61000999E6 /* Aller_BdIt.ttf */; };
		F43B8AB71795DD61000999E6 /* Aller_It.ttf in Resources */ = {isa = PBXBuildFile; fileRef = F43B8AB01795DD61000999E6 /* Aller_It.ttf */; };
		F43B8AB81795DD61000999E6 /* Aller_Lt.ttf in Resources */ = {isa = PBXBuildFile; fileRef = F43B8AB11795DD61000999E6 /* Aller_Lt.ttf */; };
		F43B8AB91795DD61000999E6 /* Aller_LtIt.ttf in Resources */ = {isa = PBXBuildFile; fileRef = F43B8AB21795DD61000999E6 /* Aller_LtIt.ttf */; };
		F43B8ABA1795DD61000999E6 /* Aller_Rg.ttf in Resources */ = {isa = PBXBuildFile; fileRef = F43B8AB31795DD61000999E6 /* Aller_Rg.ttf */; };
		F43B8ABB1795DD61000999E6 /* AllerDisplay.ttf in Resources */ = {isa = PBXBuildFile; fileRef = F43B8AB41795DD61000999E6 /* AllerDisplay.ttf */; };
		F43B8AC71795DDB9000999E6 /* Lato-Bla.ttf in Resources */ = {isa = PBXBuildFile; fileRef = F43B8ABD1795DDB9000999E6 /* Lato-Bla.ttf */; };
		F43B8AC81795DDB9000999E6 /* Lato-BlaIta.ttf in Resources */ = {isa = PBXBuildFile; fileRef = F43B8ABE1795DDB9000999E6 /* Lato-BlaIta.ttf */; };
		F43B8AC91795DDB9000999E6 /* Lato-Bol.ttf in Resources */ = {isa = PBXBuildFile; fileRef = F43B8ABF1795DDB9000999E6 /* Lato-Bol.ttf */; };
		F43B8ACA1795DDB9000999E6 /* Lato-BolIta.ttf in Resources */ = {isa = PBXBuildFile; fileRef = F43B8AC01795DDB9000999E6 /* Lato-BolIta.ttf */; };
		F43B8ACB1795DDB9000999E6 /* Lato-Hai.ttf in Resources */ = {isa = PBXBuildFile; fileRef = F43B8AC11795DDB9000999E6 /* Lato-Hai.ttf */; };
		F43B8ACC1795DDB9000999E6 /* Lato-HaiIta.ttf in Resources */ = {isa = PBXBuildFile; fileRef = F43B8AC21795DDB9000999E6 /* Lato-HaiIta.ttf */; };
		F43B8ACD1795DDB9000999E6 /* Lato-Lig.ttf in Resources */ = {isa = PBXBuildFile; fileRef = F43B8AC31795DDB9000999E6 /* Lato-Lig.ttf */; };
		F43B8ACE1795DDB9000999E6 /* Lato-LigIta.ttf in Resources */ = {isa = PBXBuildFile; fileRef = F43B8AC41795DDB9000999E6 /* Lato-LigIta.ttf */; };
		F43B8ACF1795DDB9000999E6 /* Lato-Reg.ttf in Resources */ = {isa = PBXBuildFile; fileRef = F43B8AC51795DDB9000999E6 /* Lato-Reg.ttf */; };
		F43B8AD01795DDB9000999E6 /* Lato-RegIta.ttf in Resources */ = {isa = PBXBuildFile; fileRef = F43B8AC61795DDB9000999E6 /* Lato-RegIta.ttf */; };
		F44198751794D1DB007C6375 /* UIKit.framework in Frameworks */ = {isa = PBXBuildFile; fileRef = F44198741794D1DB007C6375 /* UIKit.framework */; };
		F44198771794D1DB007C6375 /* Foundation.framework in Frameworks */ = {isa = PBXBuildFile; fileRef = F44198761794D1DB007C6375 /* Foundation.framework */; };
		F44198791794D1DB007C6375 /* CoreGraphics.framework in Frameworks */ = {isa = PBXBuildFile; fileRef = F44198781794D1DB007C6375 /* CoreGraphics.framework */; };
		F441987F1794D1DB007C6375 /* InfoPlist.strings in Resources */ = {isa = PBXBuildFile; fileRef = F441987D1794D1DB007C6375 /* InfoPlist.strings */; };
		F44198811794D1DB007C6375 /* main.m in Sources */ = {isa = PBXBuildFile; fileRef = F44198801794D1DB007C6375 /* main.m */; };
		F44198851794D1DB007C6375 /* AppDelegate.m in Sources */ = {isa = PBXBuildFile; fileRef = F44198841794D1DB007C6375 /* AppDelegate.m */; };
		F44198871794D1DB007C6375 /* Default.png in Resources */ = {isa = PBXBuildFile; fileRef = F44198861794D1DB007C6375 /* Default.png */; };
		F44198891794D1DB007C6375 /* Default@2x.png in Resources */ = {isa = PBXBuildFile; fileRef = F44198881794D1DB007C6375 /* Default@2x.png */; };
		F441988B1794D1DB007C6375 /* Default-568h@2x.png in Resources */ = {isa = PBXBuildFile; fileRef = F441988A1794D1DB007C6375 /* Default-568h@2x.png */; };
		F441988E1794D1DB007C6375 /* ViewController.m in Sources */ = {isa = PBXBuildFile; fileRef = F441988D1794D1DB007C6375 /* ViewController.m */; };
/* End PBXBuildFile section */

/* Begin PBXFileReference section */
		F43B8AAE1795DD61000999E6 /* Aller_Bd.ttf */ = {isa = PBXFileReference; lastKnownFileType = file; path = Aller_Bd.ttf; sourceTree = "<group>"; };
		F43B8AAF1795DD61000999E6 /* Aller_BdIt.ttf */ = {isa = PBXFileReference; lastKnownFileType = file; path = Aller_BdIt.ttf; sourceTree = "<group>"; };
		F43B8AB01795DD61000999E6 /* Aller_It.ttf */ = {isa = PBXFileReference; lastKnownFileType = file; path = Aller_It.ttf; sourceTree = "<group>"; };
		F43B8AB11795DD61000999E6 /* Aller_Lt.ttf */ = {isa = PBXFileReference; lastKnownFileType = file; path = Aller_Lt.ttf; sourceTree = "<group>"; };
		F43B8AB21795DD61000999E6 /* Aller_LtIt.ttf */ = {isa = PBXFileReference; lastKnownFileType = file; path = Aller_LtIt.ttf; sourceTree = "<group>"; };
		F43B8AB31795DD61000999E6 /* Aller_Rg.ttf */ = {isa = PBXFileReference; lastKnownFileType = file; path = Aller_Rg.ttf; sourceTree = "<group>"; };
		F43B8AB41795DD61000999E6 /* AllerDisplay.ttf */ = {isa = PBXFileReference; lastKnownFileType = file; path = AllerDisplay.ttf; sourceTree = "<group>"; };
		F43B8ABD1795DDB9000999E6 /* Lato-Bla.ttf */ = {isa = PBXFileReference; lastKnownFileType = file; path = "Lato-Bla.ttf"; sourceTree = "<group>"; };
		F43B8ABE1795DDB9000999E6 /* Lato-BlaIta.ttf */ = {isa = PBXFileReference; lastKnownFileType = file; path = "Lato-BlaIta.ttf"; sourceTree = "<group>"; };
		F43B8ABF1795DDB9000999E6 /* Lato-Bol.ttf */ = {isa = PBXFileReference; lastKnownFileType = file; path = "Lato-Bol.ttf"; sourceTree = "<group>"; };
		F43B8AC01795DDB9000999E6 /* Lato-BolIta.ttf */ = {isa = PBXFileReference; lastKnownFileType = file; path = "Lato-BolIta.ttf"; sourceTree = "<group>"; };
		F43B8AC11795DDB9000999E6 /* Lato-Hai.ttf */ = {isa = PBXFileReference; lastKnownFileType = file; path = "Lato-Hai.ttf"; sourceTree = "<group>"; };
		F43B8AC21795DDB9000999E6 /* Lato-HaiIta.ttf */ = {isa = PBXFileReference; lastKnownFileType = file; path = "Lato-HaiIta.ttf"; sourceTree = "<group>"; };
		F43B8AC31795DDB9000999E6 /* Lato-Lig.ttf */ = {isa = PBXFileReference; lastKnownFileType = file; path = "Lato-Lig.ttf"; sourceTree = "<group>"; };
		F43B8AC41795DDB9000999E6 /* Lato-LigIta.ttf */ = {isa = PBXFileReference; lastKnownFileType = file; path = "Lato-LigIta.ttf"; sourceTree = "<group>"; };
		F43B8AC51795DDB9000999E6 /* Lato-Reg.ttf */ = {isa = PBXFileReference; lastKnownFileType = file; path = "Lato-Reg.ttf"; sourceTree = "<group>"; };
		F43B8AC61795DDB9000999E6 /* Lato-RegIta.ttf */ = {isa = PBXFileReference; lastKnownFileType = file; path = "Lato-RegIta.ttf"; sourceTree = "<group>"; };
		F44198711794D1DB007C6375 /* Knotch Mini Project.app */ = {isa = PBXFileReference; explicitFileType = wrapper.application; includeInIndex = 0; path = "Knotch Mini Project.app"; sourceTree = BUILT_PRODUCTS_DIR; };
		F44198741794D1DB007C6375 /* UIKit.framework */ = {isa = PBXFileReference; lastKnownFileType = wrapper.framework; name = UIKit.framework; path = System/Library/Frameworks/UIKit.framework; sourceTree = SDKROOT; };
		F44198761794D1DB007C6375 /* Foundation.framework */ = {isa = PBXFileReference; lastKnownFileType = wrapper.framework; name = Foundation.framework; path = System/Library/Frameworks/Foundation.framework; sourceTree = SDKROOT; };
		F44198781794D1DB007C6375 /* CoreGraphics.framework */ = {isa = PBXFileReference; lastKnownFileType = wrapper.framework; name = CoreGraphics.framework; path = System/Library/Frameworks/CoreGraphics.framework; sourceTree = SDKROOT; };
		F441987C1794D1DB007C6375 /* Knotch Mini Project-Info.plist */ = {isa = PBXFileReference; lastKnownFileType = text.plist.xml; path = "Knotch Mini Project-Info.plist"; sourceTree = "<group>"; };
		F441987E1794D1DB007C6375 /* en */ = {isa = PBXFileReference; lastKnownFileType = text.plist.strings; name = en; path = en.lproj/InfoPlist.strings; sourceTree = "<group>"; };
		F44198801794D1DB007C6375 /* main.m */ = {isa = PBXFileReference; lastKnownFileType = sourcecode.c.objc; path = main.m; sourceTree = "<group>"; };
		F44198821794D1DB007C6375 /* Knotch Mini Project-Prefix.pch */ = {isa = PBXFileReference; lastKnownFileType = sourcecode.c.h; path = "Knotch Mini Project-Prefix.pch"; sourceTree = "<group>"; };
		F44198831794D1DB007C6375 /* AppDelegate.h */ = {isa = PBXFileReference; lastKnownFileType = sourcecode.c.h; path = AppDelegate.h; sourceTree = "<group>"; };
		F44198841794D1DB007C6375 /* AppDelegate.m */ = {isa = PBXFileReference; lastKnownFileType = sourcecode.c.objc; path = AppDelegate.m; sourceTree = "<group>"; };
		F44198861794D1DB007C6375 /* Default.png */ = {isa = PBXFileReference; lastKnownFileType = image.png; path = Default.png; sourceTree = "<group>"; };
		F44198881794D1DB007C6375 /* Default@2x.png */ = {isa = PBXFileReference; lastKnownFileType = image.png; path = "Default@2x.png"; sourceTree = "<group>"; };
		F441988A1794D1DB007C6375 /* Default-568h@2x.png */ = {isa = PBXFileReference; lastKnownFileType = image.png; path = "Default-568h@2x.png"; sourceTree = "<group>"; };
		F441988C1794D1DB007C6375 /* ViewController.h */ = {isa = PBXFileReference; lastKnownFileType = sourcecode.c.h; path = ViewController.h; sourceTree = "<group>"; };
		F441988D1794D1DB007C6375 /* ViewController.m */ = {isa = PBXFileReference; lastKnownFileType = sourcecode.c.objc; path = ViewController.m; sourceTree = "<group>"; };
/* End PBXFileReference section */

/* Begin PBXFrameworksBuildPhase section */
		F441986E1794D1DB007C6375 /* Frameworks */ = {
			isa = PBXFrameworksBuildPhase;
			buildActionMask = 2147483647;
			files = (
				F44198751794D1DB007C6375 /* UIKit.framework in Frameworks */,
				F44198771794D1DB007C6375 /* Foundation.framework in Frameworks */,
				F44198791794D1DB007C6375 /* CoreGraphics.framework in Frameworks */,
			);
			runOnlyForDeploymentPostprocessing = 0;
		};
/* End PBXFrameworksBuildPhase section */

/* Begin PBXGroup section */
		F43B8ABC1795DD77000999E6 /* Aller */ = {
			isa = PBXGroup;
			children = (
				F43B8AAE1795DD61000999E6 /* Aller_Bd.ttf */,
				F43B8AAF1795DD61000999E6 /* Aller_BdIt.ttf */,
				F43B8AB01795DD61000999E6 /* Aller_It.ttf */,
				F43B8AB11795DD61000999E6 /* Aller_Lt.ttf */,
				F43B8AB21795DD61000999E6 /* Aller_LtIt.ttf */,
				F43B8AB31795DD61000999E6 /* Aller_Rg.ttf */,
				F43B8AB41795DD61000999E6 /* AllerDisplay.ttf */,
			);
			name = Aller;
			sourceTree = "<group>";
		};
		F43B8AD11795DDC5000999E6 /* Lato */ = {
			isa = PBXGroup;
			children = (
				F43B8ABD1795DDB9000999E6 /* Lato-Bla.ttf */,
				F43B8ABE1795DDB9000999E6 /* Lato-BlaIta.ttf */,
				F43B8ABF1795DDB9000999E6 /* Lato-Bol.ttf */,
				F43B8AC01795DDB9000999E6 /* Lato-BolIta.ttf */,
				F43B8AC11795DDB9000999E6 /* Lato-Hai.ttf */,
				F43B8AC21795DDB9000999E6 /* Lato-HaiIta.ttf */,
				F43B8AC31795DDB9000999E6 /* Lato-Lig.ttf */,
				F43B8AC41795DDB9000999E6 /* Lato-LigIta.ttf */,
				F43B8AC51795DDB9000999E6 /* Lato-Reg.ttf */,
				F43B8AC61795DDB9000999E6 /* Lato-RegIta.ttf */,
			);
			name = Lato;
			sourceTree = "<group>";
		};
		F43B8AD21795DDE3000999E6 /* Fonts */ = {
			isa = PBXGroup;
			children = (
				F43B8ABC1795DD77000999E6 /* Aller */,
				F43B8AD11795DDC5000999E6 /* Lato */,
			);
			name = Fonts;
			sourceTree = "<group>";
		};
		F43B8AD31795DDEF000999E6 /* Resources */ = {
			isa = PBXGroup;
			children = (
				F43B8AD21795DDE3000999E6 /* Fonts */,
			);
			name = Resources;
			sourceTree = "<group>";
		};
		F44198681794D1DB007C6375 = {
			isa = PBXGroup;
			children = (
				F441987A1794D1DB007C6375 /* Knotch Mini Project */,
				F44198731794D1DB007C6375 /* Frameworks */,
				F44198721794D1DB007C6375 /* Products */,
			);
			sourceTree = "<group>";
		};
		F44198721794D1DB007C6375 /* Products */ = {
			isa = PBXGroup;
			children = (
				F44198711794D1DB007C6375 /* Knotch Mini Project.app */,
			);
			name = Products;
			sourceTree = "<group>";
		};
		F44198731794D1DB007C6375 /* Frameworks */ = {
			isa = PBXGroup;
			children = (
				F44198741794D1DB007C6375 /* UIKit.framework */,
				F44198761794D1DB007C6375 /* Foundation.framework */,
				F44198781794D1DB007C6375 /* CoreGraphics.framework */,
			);
			name = Frameworks;
			sourceTree = "<group>";
		};
		F441987A1794D1DB007C6375 /* Knotch Mini Project */ = {
			isa = PBXGroup;
			children = (
				F44198831794D1DB007C6375 /* AppDelegate.h */,
				F44198841794D1DB007C6375 /* AppDelegate.m */,
				F441988C1794D1DB007C6375 /* ViewController.h */,
				F441988D1794D1DB007C6375 /* ViewController.m */,
				F43B8AD31795DDEF000999E6 /* Resources */,
				F441987B1794D1DB007C6375 /* Supporting Files */,
			);
			path = "Knotch Mini Project";
			sourceTree = "<group>";
		};
		F441987B1794D1DB007C6375 /* Supporting Files */ = {
			isa = PBXGroup;
			children = (
				F441987C1794D1DB007C6375 /* Knotch Mini Project-Info.plist */,
				F441987D1794D1DB007C6375 /* InfoPlist.strings */,
				F44198801794D1DB007C6375 /* main.m */,
				F44198821794D1DB007C6375 /* Knotch Mini Project-Prefix.pch */,
				F44198861794D1DB007C6375 /* Default.png */,
				F44198881794D1DB007C6375 /* Default@2x.png */,
				F441988A1794D1DB007C6375 /* Default-568h@2x.png */,
			);
			name = "Supporting Files";
			sourceTree = "<group>";
		};
/* End PBXGroup section */

/* Begin PBXNativeTarget section */
		F44198701794D1DB007C6375 /* Knotch Mini Project */ = {
			isa = PBXNativeTarget;
			buildConfigurationList = F44198941794D1DB007C6375 /* Build configuration list for PBXNativeTarget "Knotch Mini Project" */;
			buildPhases = (
				F441986D1794D1DB007C6375 /* Sources */,
				F441986E1794D1DB007C6375 /* Frameworks */,
				F441986F1794D1DB007C6375 /* Resources */,
			);
			buildRules = (
			);
			dependencies = (
			);
			name = "Knotch Mini Project";
			productName = "Knotch Mini Project";
			productReference = F44198711794D1DB007C6375 /* Knotch Mini Project.app */;
			productType = "com.apple.product-type.application";
		};
/* End PBXNativeTarget section */

/* Begin PBXProject section */
		F44198691794D1DB007C6375 /* Project object */ = {
			isa = PBXProject;
			attributes = {
				LastUpgradeCheck = 0460;
				ORGANIZATIONNAME = "Chuan-Chih Chou";
			};
			buildConfigurationList = F441986C1794D1DB007C6375 /* Build configuration list for PBXProject "Knotch Mini Project" */;
			compatibilityVersion = "Xcode 3.2";
			developmentRegion = English;
			hasScannedForEncodings = 0;
			knownRegions = (
				en,
			);
			mainGroup = F44198681794D1DB007C6375;
			productRefGroup = F44198721794D1DB007C6375 /* Products */;
			projectDirPath = "";
			projectRoot = "";
			targets = (
				F44198701794D1DB007C6375 /* Knotch Mini Project */,
			);
		};
/* End PBXProject section */

/* Begin PBXResourcesBuildPhase section */
		F441986F1794D1DB007C6375 /* Resources */ = {
			isa = PBXResourcesBuildPhase;
			buildActionMask = 2147483647;
			files = (
				F441987F1794D1DB007C6375 /* InfoPlist.strings in Resources */,
				F44198871794D1DB007C6375 /* Default.png in Resources */,
				F44198891794D1DB007C6375 /* Default@2x.png in Resources */,
				F441988B1794D1DB007C6375 /* Default-568h@2x.png in Resources */,
				F43B8AB51795DD61000999E6 /* Aller_Bd.ttf in Resources */,
				F43B8AB61795DD61000999E6 /* Aller_BdIt.ttf in Resources */,
				F43B8AB71795DD61000999E6 /* Aller_It.ttf in Resources */,
				F43B8AB81795DD61000999E6 /* Aller_Lt.ttf in Resources */,
				F43B8AB91795DD61000999E6 /* Aller_LtIt.ttf in Resources */,
				F43B8ABA1795DD61000999E6 /* Aller_Rg.ttf in Resources */,
				F43B8ABB1795DD61000999E6 /* AllerDisplay.ttf in Resources */,
				F43B8AC71795DDB9000999E6 /* Lato-Bla.ttf in Resources */,
				F43B8AC81795DDB9000999E6 /* Lato-BlaIta.ttf in Resources */,
				F43B8AC91795DDB9000999E6 /* Lato-Bol.ttf in Resources */,
				F43B8ACA1795DDB9000999E6 /* Lato-BolIta.ttf in Resources */,
				F43B8ACB1795DDB9000999E6 /* Lato-Hai.ttf in Resources */,
				F43B8ACC1795DDB9000999E6 /* Lato-HaiIta.ttf in Resources */,
				F43B8ACD1795DDB9000999E6 /* Lato-Lig.ttf in Resources */,
				F43B8ACE1795DDB9000999E6 /* Lato-LigIta.ttf in Resources */,
				F43B8ACF1795DDB9000999E6 /* Lato-Reg.ttf in Resources */,
				F43B8AD01795DDB9000999E6 /* Lato-RegIta.ttf in Resources */,
			);
			runOnlyForDeploymentPostprocessing = 0;
		};
/* End PBXResourcesBuildPhase section */

/* Begin PBXSourcesBuildPhase section */
		F441986D1794D1DB007C6375 /* Sources */ = {
			isa = PBXSourcesBuildPhase;
			buildActionMask = 2147483647;
			files = (
				F44198811794D1DB007C6375 /* main.m in Sources */,
				F44198851794D1DB007C6375 /* AppDelegate.m in Sources */,
				F441988E1794D1DB007C6375 /* ViewController.m in Sources */,
			);
			runOnlyForDeploymentPostprocessing = 0;
		};
/* End PBXSourcesBuildPhase section */

/* Begin PBXVariantGroup section */
		F441987D1794D1DB007C6375 /* InfoPlist.strings */ = {
			isa = PBXVariantGroup;
			children = (
				F441987E1794D1DB007C6375 /* en */,
			);
			name = InfoPlist.strings;
			sourceTree = "<group>";
		};
/* End PBXVariantGroup section */

/* Begin XCBuildConfiguration section */
		F44198921794D1DB007C6375 /* Debug */ = {
			isa = XCBuildConfiguration;
			buildSettings = {
				ALWAYS_SEARCH_USER_PATHS = NO;
				CLANG_CXX_LANGUAGE_STANDARD = "gnu++0x";
				CLANG_CXX_LIBRARY = "libc++";
				CLANG_WARN_CONSTANT_CONVERSION = YES;
				CLANG_WARN_EMPTY_BODY = YES;
				CLANG_WARN_ENUM_CONVERSION = YES;
				CLANG_WARN_INT_CONVERSION = YES;
				CLANG_WARN__DUPLICATE_METHOD_MATCH = YES;
				"CODE_SIGN_IDENTITY[sdk=iphoneos*]" = "iPhone Developer";
				COPY_PHASE_STRIP = NO;
				GCC_C_LANGUAGE_STANDARD = gnu99;
				GCC_DYNAMIC_NO_PIC = NO;
				GCC_OPTIMIZATION_LEVEL = 0;
				GCC_PREPROCESSOR_DEFINITIONS = (
					"DEBUG=1",
					"$(inherited)",
				);
				GCC_SYMBOLS_PRIVATE_EXTERN = NO;
				GCC_WARN_ABOUT_RETURN_TYPE = YES;
				GCC_WARN_UNINITIALIZED_AUTOS = YES;
				GCC_WARN_UNUSED_VARIABLE = YES;
				IPHONEOS_DEPLOYMENT_TARGET = 6.1;
				ONLY_ACTIVE_ARCH = YES;
				SDKROOT = iphoneos;
			};
			name = Debug;
		};
		F44198931794D1DB007C6375 /* Release */ = {
			isa = XCBuildConfiguration;
			buildSettings = {
				ALWAYS_SEARCH_USER_PATHS = NO;
				CLANG_CXX_LANGUAGE_STANDARD = "gnu++0x";
				CLANG_CXX_LIBRARY = "libc++";
				CLANG_WARN_CONSTANT_CONVERSION = YES;
				CLANG_WARN_EMPTY_BODY = YES;
				CLANG_WARN_ENUM_CONVERSION = YES;
				CLANG_WARN_INT_CONVERSION = YES;
				CLANG_WARN__DUPLICATE_METHOD_MATCH = YES;
				"CODE_SIGN_IDENTITY[sdk=iphoneos*]" = "iPhone Developer";
				COPY_PHASE_STRIP = YES;
				GCC_C_LANGUAGE_STANDARD = gnu99;
				GCC_WARN_ABOUT_RETURN_TYPE = YES;
				GCC_WARN_UNINITIALIZED_AUTOS = YES;
				GCC_WARN_UNUSED_VARIABLE = YES;
				IPHONEOS_DEPLOYMENT_TARGET = 6.1;
				OTHER_CFLAGS = "-DNS_BLOCK_ASSERTIONS=1";
				SDKROOT = iphoneos;
				VALIDATE_PRODUCT = YES;
			};
			name = Release;
		};
		F44198951794D1DB007C6375 /* Debug */ = {
			isa = XCBuildConfiguration;
			buildSettings = {
				CLANG_ENABLE_OBJC_ARC = YES;
				GCC_PRECOMPILE_PREFIX_HEADER = YES;
				GCC_PREFIX_HEADER = "Knotch Mini Project/Knotch Mini Project-Prefix.pch";
				INFOPLIST_FILE = "Knotch Mini Project/Knotch Mini Project-Info.plist";
				PRODUCT_NAME = "$(TARGET_NAME)";
				WRAPPER_EXTENSION = app;
			};
			name = Debug;
		};
		F44198961794D1DB007C6375 /* Release */ = {
			isa = XCBuildConfiguration;
			buildSettings = {
				CLANG_ENABLE_OBJC_ARC = YES;
				GCC_PRECOMPILE_PREFIX_HEADER = YES;
				GCC_PREFIX_HEADER = "Knotch Mini Project/Knotch Mini Project-Prefix.pch";
				INFOPLIST_FILE = "Knotch Mini Project/Knotch Mini Project-Info.plist";
				PRODUCT_NAME = "$(TARGET_NAME)";
				WRAPPER_EXTENSION = app;
			};
			name = Release;
		};
/* End XCBuildConfiguration section */

/* Begin XCConfigurationList section */
		F441986C1794D1DB007C6375 /* Build configuration list for PBXProject "Knotch Mini Project" */ = {
			isa = XCConfigurationList;
			buildConfigurations = (
				F44198921794D1DB007C6375 /* Debug */,
				F44198931794D1DB007C6375 /* Release */,
			);
			defaultConfigurationIsVisible = 0;
			defaultConfigurationName = Release;
		};
		F44198941794D1DB007C6375 /* Build configuration list for PBXNativeTarget "Knotch Mini Project" */ = {
			isa = XCConfigurationList;
			buildConfigurations = (
				F44198951794D1DB007C6375 /* Debug */,
				F44198961794D1DB007C6375 /* Release */,
			);
			defaultConfigurationIsVisible = 0;
			defaultConfigurationName = Release;
		};
/* End XCConfigurationList section */
	};
	rootObject = F44198691794D1DB007C6375 /* Project object */;
}
